
Microsoft Visual Studio Solution File, Format Version 12.00
# Visual Studio Version 16
VisualStudioVersion = 16.0.29020.237
MinimumVisualStudioVersion = 10.0.40219.1
Project("{FAE04EC0-301F-11D3-BF4B-00C04F79EFBC}") = "ServiceBus.Sender", "ServiceBus.Consumer\ServiceBus.Sender.csproj", "{3C28180E-8275-43DD-8151-17B85536B670}"
EndProject
Project("{FAE04EC0-301F-11D3-BF4B-00C04F79EFBC}") = "ServiceProcessor.Console", "ServiceProcessor.Console\ServiceProcessor.Console.csproj", "{14575FD0-35DB-46AB-8FFF-AE572757D9EE}"
EndProject
Global
	GlobalSection(SolutionConfigurationPlatforms) = preSolution
		Debug|Any CPU = Debug|Any CPU
		Release|Any CPU = Release|Any CPU
	EndGlobalSection
	GlobalSection(ProjectConfigurationPlatforms) = postSolution
		{3C28180E-8275-43DD-8151-17B85536B670}.Debug|Any CPU.ActiveCfg = Debug|Any CPU
		{3C28180E-8275-43DD-8151-17B85536B670}.Debug|Any CPU.Build.0 = Debug|Any CPU
		{3C28180E-8275-43DD-8151-17B85536B670}.Release|Any CPU.ActiveCfg = Release|Any CPU
		{3C28180E-8275-43DD-8151-17B85536B670}.Release|Any CPU.Build.0 = Release|Any CPU
		{14575FD0-35DB-46AB-8FFF-AE572757D9EE}.Debug|Any CPU.ActiveCfg = Debug|Any CPU
		{14575FD0-35DB-46AB-8FFF-AE572757D9EE}.Debug|Any CPU.Build.0 = Debug|Any CPU
		{14575FD0-35DB-46AB-8FFF-AE572757D9EE}.Release|Any CPU.ActiveCfg = Release|Any CPU
		{14575FD0-35DB-46AB-8FFF-AE572757D9EE}.Release|Any CPU.Build.0 = Release|Any CPU
	EndGlobalSection
	GlobalSection(SolutionProperties) = preSolution
		HideSolutionNode = FALSE
	EndGlobalSection
	GlobalSection(ExtensibilityGlobals) = postSolution
		SolutionGuid = {0219C496-6B13-4F79-A970-C1467905E0D4}
	EndGlobalSection
EndGlobal
